
Microsoft Visual Studio Solution File, Format Version 10.00
# Visual C++ Express 2008
Project("{8BC9CEB8-8B4A-11D0-8D11-00A0C91BC942}") = "Proyecto-DatosII", "Proyecto-DatosII\Proyecto-DatosII.vcproj", "{FBB6AAE5-E616-44D0-8FD7-598D5E6F2556}"
EndProject
Global
	GlobalSection(SolutionConfigurationPlatforms) = preSolution
		Debug|Win32 = Debug|Win32
		Release|Win32 = Release|Win32
	EndGlobalSection
	GlobalSection(ProjectConfigurationPlatforms) = postSolution
		{FBB6AAE5-E616-44D0-8FD7-598D5E6F2556}.Debug|Win32.ActiveCfg = Debug|Win32
		{FBB6AAE5-E616-44D0-8FD7-598D5E6F2556}.Debug|Win32.Build.0 = Debug|Win32
		{FBB6AAE5-E616-44D0-8FD7-598D5E6F2556}.Release|Win32.ActiveCfg = Release|Win32
		{FBB6AAE5-E616-44D0-8FD7-598D5E6F2556}.Release|Win32.Build.0 = Release|Win32
	EndGlobalSection
	GlobalSection(SolutionProperties) = preSolution
		HideSolutionNode = FALSE
	EndGlobalSection
EndGlobal
